PODS:
  - Alamofire (5.4.1)
  - BRLOptionParser (0.3.1)
  - GCDWebServer (3.5.4):
    - GCDWebServer/Core (= 3.5.4)
  - GCDWebServer/Core (3.5.4)

DEPENDENCIES:
  - Alamofire (~> 5.4.1)
  - BRLOptionParser (~> 0.3.1)
  - GCDWebServer (~> 3.5.4)

SPEC REPOS:
  https://github.com/CocoaPods/Specs.git:
    - Alamofire
    - BRLOptionParser
    - GCDWebServer

SPEC CHECKSUMS:
  Alamofire: 2291f7d21ca607c491dd17642e5d40fdcda0e65c
  BRLOptionParser: a03256a8ff003ca1f5376c55f55f210e085a3958
  GCDWebServer: 2c156a56c8226e2d5c0c3f208a3621ccffbe3ce4

PODFILE CHECKSUM: f44fe5520aa84811fb110f55cc91a8a4412c8954

COCOAPODS: 1.10.1
